
Microsoft Visual Studio Solution File, Format Version 12.00
# Visual Studio Version 17
VisualStudioVersion = 17.9.34723.18
MinimumVisualStudioVersion = 10.0.40219.1
Project("{9A19103F-16F7-4668-BE54-9A1E7A4F7556}") = "AddressBook.CommonLibrary", "AddressBook.CommonLibrary\AddressBook.CommonLibrary.csproj", "{7B496F59-EC4D-436F-9D55-B11C785CE7CA}"
EndProject
Project("{9A19103F-16F7-4668-BE54-9A1E7A4F7556}") = "AddressBook.ViewerConsoleApp", "AddressBook.ViewerConsoleApp\AddressBook.ViewerConsoleApp.csproj", "{74C39ECF-6C81-447D-9B6E-85110558FD50}"
	ProjectSection(ProjectDependencies) = postProject
		{7B496F59-EC4D-436F-9D55-B11C785CE7CA} = {7B496F59-EC4D-436F-9D55-B11C785CE7CA}
	EndProjectSection
EndProject
Project("{9A19103F-16F7-4668-BE54-9A1E7A4F7556}") = "AddressBook.WpfApp", "AddressBook.WpfApp\AddressBook.WpfApp.csproj", "{73E92AB5-27B9-43D8-9B0A-C6B35A85573E}"
	ProjectSection(ProjectDependencies) = postProject
		{7B496F59-EC4D-436F-9D55-B11C785CE7CA} = {7B496F59-EC4D-436F-9D55-B11C785CE7CA}
	EndProjectSection
EndProject
Project("{FAE04EC0-301F-11D3-BF4B-00C04F79EFBC}") = "AddressBook.EditorWpfApp", "AddressBook.EditorWpfApp\AddressBook.EditorWpfApp.csproj", "{23286938-3218-4B31-BA74-B7876BF4E412}"
EndProject
Global
	GlobalSection(SolutionConfigurationPlatforms) = preSolution
		Debug|Any CPU = Debug|Any CPU
		Release|Any CPU = Release|Any CPU
	EndGlobalSection
	GlobalSection(ProjectConfigurationPlatforms) = postSolution
		{7B496F59-EC4D-436F-9D55-B11C785CE7CA}.Debug|Any CPU.ActiveCfg = Debug|Any CPU
		{7B496F59-EC4D-436F-9D55-B11C785CE7CA}.Debug|Any CPU.Build.0 = Debug|Any CPU
		{7B496F59-EC4D-436F-9D55-B11C785CE7CA}.Release|Any CPU.ActiveCfg = Release|Any CPU
		{7B496F59-EC4D-436F-9D55-B11C785CE7CA}.Release|Any CPU.Build.0 = Release|Any CPU
		{74C39ECF-6C81-447D-9B6E-85110558FD50}.Debug|Any CPU.ActiveCfg = Debug|Any CPU
		{74C39ECF-6C81-447D-9B6E-85110558FD50}.Debug|Any CPU.Build.0 = Debug|Any CPU
		{74C39ECF-6C81-447D-9B6E-85110558FD50}.Release|Any CPU.ActiveCfg = Release|Any CPU
		{74C39ECF-6C81-447D-9B6E-85110558FD50}.Release|Any CPU.Build.0 = Release|Any CPU
		{73E92AB5-27B9-43D8-9B0A-C6B35A85573E}.Debug|Any CPU.ActiveCfg = Debug|Any CPU
		{73E92AB5-27B9-43D8-9B0A-C6B35A85573E}.Debug|Any CPU.Build.0 = Debug|Any CPU
		{73E92AB5-27B9-43D8-9B0A-C6B35A85573E}.Release|Any CPU.ActiveCfg = Release|Any CPU
		{73E92AB5-27B9-43D8-9B0A-C6B35A85573E}.Release|Any CPU.Build.0 = Release|Any CPU
		{23286938-3218-4B31-BA74-B7876BF4E412}.Debug|Any CPU.ActiveCfg = Debug|Any CPU
		{23286938-3218-4B31-BA74-B7876BF4E412}.Debug|Any CPU.Build.0 = Debug|Any CPU
		{23286938-3218-4B31-BA74-B7876BF4E412}.Release|Any CPU.ActiveCfg = Release|Any CPU
		{23286938-3218-4B31-BA74-B7876BF4E412}.Release|Any CPU.Build.0 = Release|Any CPU
	EndGlobalSection
	GlobalSection(SolutionProperties) = preSolution
		HideSolutionNode = FALSE
	EndGlobalSection
	GlobalSection(ExtensibilityGlobals) = postSolution
		SolutionGuid = {7143222C-CAEB-4062-8FD0-EF700C704117}
	EndGlobalSection
EndGlobal
